
Microsoft Visual Studio Solution File, Format Version 12.00
# Visual Studio Version 17
VisualStudioVersion = 17.0.31903.59
MinimumVisualStudioVersion = 10.0.40219.1
Project("{2150E333-8FDC-42A3-9474-1A3956D46DE8}") = "src", "src", "{7CDBAF30-0A8D-4944-A7A6-81D1111079CC}"
EndProject
Project("{FAE04EC0-301F-11D3-BF4B-00C04F79EFBC}") = "svc-auction", "src\svc-auction\svc-auction.csproj", "{5AF8338C-0F44-489F-85B5-12EB7EAFD5CC}"
EndProject
Project("{FAE04EC0-301F-11D3-BF4B-00C04F79EFBC}") = "svc-search", "src\svc-search\svc-search.csproj", "{3FE6FFBA-AA57-4ED7-83DB-BD781905E41A}"
EndProject
Project("{FAE04EC0-301F-11D3-BF4B-00C04F79EFBC}") = "Contracts", "src\Contracts\Contracts.csproj", "{068DE89F-95F7-4C4F-AC57-C93912C2794D}"
EndProject
Project("{FAE04EC0-301F-11D3-BF4B-00C04F79EFBC}") = "svc-identity", "src\svc-identity\svc-identity.csproj", "{3F5622DA-BADD-4E8E-99A8-705545F0409E}"
EndProject
Project("{FAE04EC0-301F-11D3-BF4B-00C04F79EFBC}") = "svc-gateway", "src\svc-gateway\svc-gateway.csproj", "{1C96FC4C-7ACD-484D-AD5C-E69FD0B260A0}"
EndProject
Global
	GlobalSection(SolutionConfigurationPlatforms) = preSolution
		Debug|Any CPU = Debug|Any CPU
		Release|Any CPU = Release|Any CPU
	EndGlobalSection
	GlobalSection(SolutionProperties) = preSolution
		HideSolutionNode = FALSE
	EndGlobalSection
	GlobalSection(ProjectConfigurationPlatforms) = postSolution
		{5AF8338C-0F44-489F-85B5-12EB7EAFD5CC}.Debug|Any CPU.ActiveCfg = Debug|Any CPU
		{5AF8338C-0F44-489F-85B5-12EB7EAFD5CC}.Debug|Any CPU.Build.0 = Debug|Any CPU
		{5AF8338C-0F44-489F-85B5-12EB7EAFD5CC}.Release|Any CPU.ActiveCfg = Release|Any CPU
		{5AF8338C-0F44-489F-85B5-12EB7EAFD5CC}.Release|Any CPU.Build.0 = Release|Any CPU
		{3FE6FFBA-AA57-4ED7-83DB-BD781905E41A}.Debug|Any CPU.ActiveCfg = Debug|Any CPU
		{3FE6FFBA-AA57-4ED7-83DB-BD781905E41A}.Debug|Any CPU.Build.0 = Debug|Any CPU
		{3FE6FFBA-AA57-4ED7-83DB-BD781905E41A}.Release|Any CPU.ActiveCfg = Release|Any CPU
		{3FE6FFBA-AA57-4ED7-83DB-BD781905E41A}.Release|Any CPU.Build.0 = Release|Any CPU
		{068DE89F-95F7-4C4F-AC57-C93912C2794D}.Debug|Any CPU.ActiveCfg = Debug|Any CPU
		{068DE89F-95F7-4C4F-AC57-C93912C2794D}.Debug|Any CPU.Build.0 = Debug|Any CPU
		{068DE89F-95F7-4C4F-AC57-C93912C2794D}.Release|Any CPU.ActiveCfg = Release|Any CPU
		{068DE89F-95F7-4C4F-AC57-C93912C2794D}.Release|Any CPU.Build.0 = Release|Any CPU
		{3F5622DA-BADD-4E8E-99A8-705545F0409E}.Debug|Any CPU.ActiveCfg = Debug|Any CPU
		{3F5622DA-BADD-4E8E-99A8-705545F0409E}.Debug|Any CPU.Build.0 = Debug|Any CPU
		{3F5622DA-BADD-4E8E-99A8-705545F0409E}.Release|Any CPU.ActiveCfg = Release|Any CPU
		{3F5622DA-BADD-4E8E-99A8-705545F0409E}.Release|Any CPU.Build.0 = Release|Any CPU
		{1C96FC4C-7ACD-484D-AD5C-E69FD0B260A0}.Debug|Any CPU.ActiveCfg = Debug|Any CPU
		{1C96FC4C-7ACD-484D-AD5C-E69FD0B260A0}.Debug|Any CPU.Build.0 = Debug|Any CPU
		{1C96FC4C-7ACD-484D-AD5C-E69FD0B260A0}.Release|Any CPU.ActiveCfg = Release|Any CPU
		{1C96FC4C-7ACD-484D-AD5C-E69FD0B260A0}.Release|Any CPU.Build.0 = Release|Any CPU
	EndGlobalSection
	GlobalSection(NestedProjects) = preSolution
		{5AF8338C-0F44-489F-85B5-12EB7EAFD5CC} = {7CDBAF30-0A8D-4944-A7A6-81D1111079CC}
		{3FE6FFBA-AA57-4ED7-83DB-BD781905E41A} = {7CDBAF30-0A8D-4944-A7A6-81D1111079CC}
		{068DE89F-95F7-4C4F-AC57-C93912C2794D} = {7CDBAF30-0A8D-4944-A7A6-81D1111079CC}
		{3F5622DA-BADD-4E8E-99A8-705545F0409E} = {7CDBAF30-0A8D-4944-A7A6-81D1111079CC}
		{1C96FC4C-7ACD-484D-AD5C-E69FD0B260A0} = {7CDBAF30-0A8D-4944-A7A6-81D1111079CC}
	EndGlobalSection
EndGlobal
